
Microsoft Visual Studio Solution File, Format Version 12.00
# Visual Studio Version 17
VisualStudioVersion = 17.6.33829.357
MinimumVisualStudioVersion = 10.0.40219.1
Project("{FAE04EC0-301F-11D3-BF4B-00C04F79EFBC}") = "promedio de notas", "promedio de notas\promedio de notas.csproj", "{BECB514F-F886-4418-AF35-666C3D4F9C1A}"
EndProject
Global
	GlobalSection(SolutionConfigurationPlatforms) = preSolution
		Debug|Any CPU = Debug|Any CPU
		Release|Any CPU = Release|Any CPU
	EndGlobalSection
	GlobalSection(ProjectConfigurationPlatforms) = postSolution
		{BECB514F-F886-4418-AF35-666C3D4F9C1A}.Debug|Any CPU.ActiveCfg = Debug|Any CPU
		{BECB514F-F886-4418-AF35-666C3D4F9C1A}.Debug|Any CPU.Build.0 = Debug|Any CPU
		{BECB514F-F886-4418-AF35-666C3D4F9C1A}.Release|Any CPU.ActiveCfg = Release|Any CPU
		{BECB514F-F886-4418-AF35-666C3D4F9C1A}.Release|Any CPU.Build.0 = Release|Any CPU
	EndGlobalSection
	GlobalSection(SolutionProperties) = preSolution
		HideSolutionNode = FALSE
	EndGlobalSection
	GlobalSection(ExtensibilityGlobals) = postSolution
		SolutionGuid = {7D355D67-392D-492C-9DD7-CF3D44903F1C}
	EndGlobalSection
EndGlobal
